
Microsoft Visual Studio Solution File, Format Version 12.00
# Visual Studio 15
VisualStudioVersion = 15.0.27703.1
MinimumVisualStudioVersion = 10.0.40219.1
Project("{FAE04EC0-301F-11D3-BF4B-00C04F79EFBC}") = "Arbiter", "Arbiter.csproj", "{8D4A9362-98A6-4F52-AE42-8BC48EAA3866}"
EndProject
Project("{FAE04EC0-301F-11D3-BF4B-00C04F79EFBC}") = "ArbiterTests", "..\ArbiterTests\ArbiterTests.csproj", "{2B0DC065-1DD2-4255-BBBD-4C995BC4180C}"
EndProject
Global
	GlobalSection(SolutionConfigurationPlatforms) = preSolution
		Debug|Any CPU = Debug|Any CPU
		Release|Any CPU = Release|Any CPU
	EndGlobalSection
	GlobalSection(ProjectConfigurationPlatforms) = postSolution
		{8D4A9362-98A6-4F52-AE42-8BC48EAA3866}.Debug|Any CPU.ActiveCfg = Debug|Any CPU
		{8D4A9362-98A6-4F52-AE42-8BC48EAA3866}.Debug|Any CPU.Build.0 = Debug|Any CPU
		{8D4A9362-98A6-4F52-AE42-8BC48EAA3866}.Release|Any CPU.ActiveCfg = Release|Any CPU
		{8D4A9362-98A6-4F52-AE42-8BC48EAA3866}.Release|Any CPU.Build.0 = Release|Any CPU
		{2B0DC065-1DD2-4255-BBBD-4C995BC4180C}.Debug|Any CPU.ActiveCfg = Debug|Any CPU
		{2B0DC065-1DD2-4255-BBBD-4C995BC4180C}.Debug|Any CPU.Build.0 = Debug|Any CPU
		{2B0DC065-1DD2-4255-BBBD-4C995BC4180C}.Release|Any CPU.ActiveCfg = Release|Any CPU
		{2B0DC065-1DD2-4255-BBBD-4C995BC4180C}.Release|Any CPU.Build.0 = Release|Any CPU
	EndGlobalSection
	GlobalSection(SolutionProperties) = preSolution
		HideSolutionNode = FALSE
	EndGlobalSection
	GlobalSection(ExtensibilityGlobals) = postSolution
		SolutionGuid = {EBC78927-6027-410D-8A16-79D00D16DEE4}
	EndGlobalSection
EndGlobal
